
Microsoft Visual Studio Solution File, Format Version 12.00
# Visual Studio 2013
VisualStudioVersion = 12.0.40629.0
MinimumVisualStudioVersion = 10.0.40219.1
Project("{8BC9CEB8-8B4A-11D0-8D11-00A0C91BC942}") = "CForth2", "CForth2\CForth2.vcxproj", "{FEDF2459-F18F-4E67-A2F8-9CD3D8447E9F}"
EndProject
Project("{8BC9CEB8-8B4A-11D0-8D11-00A0C91BC942}") = "CFComp", "CFComp\CFComp.vcxproj", "{107D4736-617B-414E-AE0D-6C75A76426EA}"
EndProject
Project("{2150E333-8FDC-42A3-9474-1A3956D46DE8}") = "Solution Items", "Solution Items", "{3B22C439-AF69-4DE8-BC91-B7285E89F55E}"
	ProjectSection(SolutionItems) = preProject
		README.md = README.md
	EndProjectSection
EndProject
Project("{8BC9CEB8-8B4A-11D0-8D11-00A0C91BC942}") = "contest", "contest\contest.vcxproj", "{439003E2-4D93-4BB7-B162-AA5D9463267E}"
EndProject
Global
	GlobalSection(SolutionConfigurationPlatforms) = preSolution
		Debug|Win32 = Debug|Win32
		Release|Win32 = Release|Win32
	EndGlobalSection
	GlobalSection(ProjectConfigurationPlatforms) = postSolution
		{FEDF2459-F18F-4E67-A2F8-9CD3D8447E9F}.Debug|Win32.ActiveCfg = Debug|Win32
		{FEDF2459-F18F-4E67-A2F8-9CD3D8447E9F}.Debug|Win32.Build.0 = Debug|Win32
		{FEDF2459-F18F-4E67-A2F8-9CD3D8447E9F}.Release|Win32.ActiveCfg = Release|Win32
		{FEDF2459-F18F-4E67-A2F8-9CD3D8447E9F}.Release|Win32.Build.0 = Release|Win32
		{107D4736-617B-414E-AE0D-6C75A76426EA}.Debug|Win32.ActiveCfg = Debug|Win32
		{107D4736-617B-414E-AE0D-6C75A76426EA}.Debug|Win32.Build.0 = Debug|Win32
		{107D4736-617B-414E-AE0D-6C75A76426EA}.Release|Win32.ActiveCfg = Release|Win32
		{107D4736-617B-414E-AE0D-6C75A76426EA}.Release|Win32.Build.0 = Release|Win32
		{439003E2-4D93-4BB7-B162-AA5D9463267E}.Debug|Win32.ActiveCfg = Debug|Win32
		{439003E2-4D93-4BB7-B162-AA5D9463267E}.Debug|Win32.Build.0 = Debug|Win32
		{439003E2-4D93-4BB7-B162-AA5D9463267E}.Release|Win32.ActiveCfg = Release|Win32
		{439003E2-4D93-4BB7-B162-AA5D9463267E}.Release|Win32.Build.0 = Release|Win32
	EndGlobalSection
	GlobalSection(SolutionProperties) = preSolution
		HideSolutionNode = FALSE
	EndGlobalSection
EndGlobal
